// !$*UTF8*$!
{
	archiveVersion = 1;
	classes = {
	};
	objectVersion = 56;
	objects = {

/* Begin PBXBuildFile section */
		1A958A062A645E5F006F6038 /* HDataSource.swift in Sources */ = {isa = PBXBuildFile; fileRef = 1A958A052A645E5F006F6038 /* HDataSource.swift */; };
		1AA7FC9B2A65C91A002CEFAA /* ChartType.swift in Sources */ = {isa = PBXBuildFile; fileRef = 1AA7FC9A2A65C91A002CEFAA /* ChartType.swift */; };
		1AA7FC9D2A65CF18002CEFAA /* Extensions.swift in Sources */ = {isa = PBXBuildFile; fileRef = 1AA7FC9C2A65CF18002CEFAA /* Extensions.swift */; };
		8054FFE32A62B39100052853 /* AppDelegate.swift in Sources */ = {isa = PBXBuildFile; fileRef = 8054FFE22A62B39100052853 /* AppDelegate.swift */; };
		8054FFEA2A62B39100052853 /* Main.storyboard in Resources */ = {isa = PBXBuildFile; fileRef = 8054FFE82A62B39100052853 /* Main.storyboard */; };
		8054FFEC2A62B39300052853 /* Assets.xcassets in Resources */ = {isa = PBXBuildFile; fileRef = 8054FFEB2A62B39300052853 /* Assets.xcassets */; };
		8054FFEF2A62B39300052853 /* LaunchScreen.storyboard in Resources */ = {isa = PBXBuildFile; fileRef = 8054FFED2A62B39300052853 /* LaunchScreen.storyboard */; };
		8054FFF82A62B52700052853 /* HomeViewController.swift in Sources */ = {isa = PBXBuildFile; fileRef = 8054FFF72A62B52700052853 /* HomeViewController.swift */; };
		8054FFFC2A62BCEA00052853 /* Highcharts in Frameworks */ = {isa = PBXBuildFile; productRef = 8054FFFB2A62BCEA00052853 /* Highcharts */; };
/* End PBXBuildFile section */

/* Begin PBXFileReference section */
		1A958A052A645E5F006F6038 /* HDataSource.swift */ = {isa = PBXFileReference; lastKnownFileType = sourcecode.swift; path = HDataSource.swift; sourceTree = "<group>"; };
		1AA7FC9A2A65C91A002CEFAA /* ChartType.swift */ = {isa = PBXFileReference; lastKnownFileType = sourcecode.swift; path = ChartType.swift; sourceTree = "<group>"; };
		1AA7FC9C2A65CF18002CEFAA /* Extensions.swift */ = {isa = PBXFileReference; lastKnownFileType = sourcecode.swift; path = Extensions.swift; sourceTree = "<group>"; };
		8054FFDF2A62B39100052853 /* HighChart.app */ = {isa = PBXFileReference; explicitFileType = wrapper.application; includeInIndex = 0; path = HighChart.app; sourceTree = BUILT_PRODUCTS_DIR; };
		8054FFE22A62B39100052853 /* AppDelegate.swift */ = {isa = PBXFileReference; lastKnownFileType = sourcecode.swift; path = AppDelegate.swift; sourceTree = "<group>"; };
		8054FFE92A62B39100052853 /* Base */ = {isa = PBXFileReference; lastKnownFileType = file.storyboard; name = Base; path = Base.lproj/Main.storyboard; sourceTree = "<group>"; };
		8054FFEB2A62B39300052853 /* Assets.xcassets */ = {isa = PBXFileReference; lastKnownFileType = folder.assetcatalog; path = Assets.xcassets; sourceTree = "<group>"; };
		8054FFEE2A62B39300052853 /* Base */ = {isa = PBXFileReference; lastKnownFileType = file.storyboard; name = Base; path = Base.lproj/LaunchScreen.storyboard; sourceTree = "<group>"; };
		8054FFF02A62B39300052853 /* Info.plist */ = {isa = PBXFileReference; lastKnownFileType = text.plist.xml; path = Info.plist; sourceTree = "<group>"; };
		8054FFF72A62B52700052853 /* HomeViewController.swift */ = {isa = PBXFileReference; lastKnownFileType = sourcecode.swift; path = HomeViewController.swift; sourceTree = "<group>"; };
/* End PBXFileReference section */

/* Begin PBXFrameworksBuildPhase section */
		8054FFDC2A62B39100052853 /* Frameworks */ = {
			isa = PBXFrameworksBuildPhase;
			buildActionMask = 2147483647;
			files = (
				8054FFFC2A62BCEA00052853 /* Highcharts in Frameworks */,
			);
			runOnlyForDeploymentPostprocessing = 0;
		};
/* End PBXFrameworksBuildPhase section */

/* Begin PBXGroup section */
		1A958A042A645CC1006F6038 /* Model */ = {
			isa = PBXGroup;
			children = (
				1A958A052A645E5F006F6038 /* HDataSource.swift */,
				1AA7FC9A2A65C91A002CEFAA /* ChartType.swift */,
			);
			path = Model;
			sourceTree = "<group>";
		};
		1AA1C0FF2A6321B200321C27 /* Utils */ = {
			isa = PBXGroup;
			children = (
				1AA7FC9C2A65CF18002CEFAA /* Extensions.swift */,
			);
			path = Utils;
			sourceTree = "<group>";
		};
		8054FFD62A62B39100052853 = {
			isa = PBXGroup;
			children = (
				8054FFE12A62B39100052853 /* HighChart */,
				8054FFE02A62B39100052853 /* Products */,
			);
			sourceTree = "<group>";
		};
		8054FFE02A62B39100052853 /* Products */ = {
			isa = PBXGroup;
			children = (
				8054FFDF2A62B39100052853 /* HighChart.app */,
			);
			name = Products;
			sourceTree = "<group>";
		};
		8054FFE12A62B39100052853 /* HighChart */ = {
			isa = PBXGroup;
			children = (
				1A958A042A645CC1006F6038 /* Model */,
				1AA1C0FF2A6321B200321C27 /* Utils */,
				8054FFF62A62B51900052853 /* ViewController */,
				8054FFE22A62B39100052853 /* AppDelegate.swift */,
				8054FFE82A62B39100052853 /* Main.storyboard */,
				8054FFEB2A62B39300052853 /* Assets.xcassets */,
				8054FFED2A62B39300052853 /* LaunchScreen.storyboard */,
				8054FFF02A62B39300052853 /* Info.plist */,
			);
			path = HighChart;
			sourceTree = "<group>";
		};
		8054FFF62A62B51900052853 /* ViewController */ = {
			isa = PBXGroup;
			children = (
				8054FFF72A62B52700052853 /* HomeViewController.swift */,
			);
			path = ViewController;
			sourceTree = "<group>";
		};
/* End PBXGroup section */

/* Begin PBXNativeTarget section */
		8054FFDE2A62B39100052853 /* HighChart */ = {
			isa = PBXNativeTarget;
			buildConfigurationList = 8054FFF32A62B39300052853 /* Build configuration list for PBXNativeTarget "HighChart" */;
			buildPhases = (
				8054FFDB2A62B39100052853 /* Sources */,
				8054FFDC2A62B39100052853 /* Frameworks */,
				8054FFDD2A62B39100052853 /* Resources */,
			);
			buildRules = (
			);
			dependencies = (
			);
			name = HighChart;
			packageProductDependencies = (
				8054FFFB2A62BCEA00052853 /* Highcharts */,
			);
			productName = HighChart;
			productReference = 8054FFDF2A62B39100052853 /* HighChart.app */;
			productType = "com.apple.product-type.application";
		};
/* End PBXNativeTarget section */

/* Begin PBXProject section */
		8054FFD72A62B39100052853 /* Project object */ = {
			isa = PBXProject;
			attributes = {
				BuildIndependentTargetsInParallel = 1;
				LastSwiftUpdateCheck = 1410;
				LastUpgradeCheck = 1410;
				TargetAttributes = {
					8054FFDE2A62B39100052853 = {
						CreatedOnToolsVersion = 14.1;
					};
				};
			};
			buildConfigurationList = 8054FFDA2A62B39100052853 /* Build configuration list for PBXProject "HighChart" */;
			compatibilityVersion = "Xcode 14.0";
			developmentRegion = en;
			hasScannedForEncodings = 0;
			knownRegions = (
				en,
				Base,
			);
			mainGroup = 8054FFD62A62B39100052853;
			packageReferences = (
				8054FFFA2A62BCEA00052853 /* XCRemoteSwiftPackageReference "highcharts-ios" */,
			);
			productRefGroup = 8054FFE02A62B39100052853 /* Products */;
			projectDirPath = "";
			projectRoot = "";
			targets = (
				8054FFDE2A62B39100052853 /* HighChart */,
			);
		};
/* End PBXProject section */

/* Begin PBXResourcesBuildPhase section */
		8054FFDD2A62B39100052853 /* Resources */ = {
			isa = PBXResourcesBuildPhase;
			buildActionMask = 2147483647;
			files = (
				8054FFEF2A62B39300052853 /* LaunchScreen.storyboard in Resources */,
				8054FFEC2A62B39300052853 /* Assets.xcassets in Resources */,
				8054FFEA2A62B39100052853 /* Main.storyboard in Resources */,
			);
			runOnlyForDeploymentPostprocessing = 0;
		};
/* End PBXResourcesBuildPhase section */

/* Begin PBXSourcesBuildPhase section */
		8054FFDB2A62B39100052853 /* Sources */ = {
			isa = PBXSourcesBuildPhase;
			buildActionMask = 2147483647;
			files = (
				1AA7FC9D2A65CF18002CEFAA /* Extensions.swift in Sources */,
				8054FFE32A62B39100052853 /* AppDelegate.swift in Sources */,
				8054FFF82A62B52700052853 /* HomeViewController.swift in Sources */,
				1AA7FC9B2A65C91A002CEFAA /* ChartType.swift in Sources */,
				1A958A062A645E5F006F6038 /* HDataSource.swift in Sources */,
			);
			runOnlyForDeploymentPostprocessing = 0;
		};
/* End PBXSourcesBuildPhase section */

/* Begin PBXVariantGroup section */
		8054FFE82A62B39100052853 /* Main.storyboard */ = {
			isa = PBXVariantGroup;
			children = (
				8054FFE92A62B39100052853 /* Base */,
			);
			name = Main.storyboard;
			sourceTree = "<group>";
		};
		8054FFED2A62B39300052853 /* LaunchScreen.storyboard */ = {
			isa = PBXVariantGroup;
			children = (
				8054FFEE2A62B39300052853 /* Base */,
			);
			name = LaunchScreen.storyboard;
			sourceTree = "<group>";
		};
/* End PBXVariantGroup section */

/* Begin XCBuildConfiguration section */
		8054FFF12A62B39300052853 /* Debug */ = {
			isa = XCBuildConfiguration;
			buildSettings = {
				ALWAYS_SEARCH_USER_PATHS = NO;
				CLANG_ANALYZER_NONNULL = YES;
				CLANG_ANALYZER_NUMBER_OBJECT_CONVERSION = YES_AGGRESSIVE;
				CLANG_CXX_LANGUAGE_STANDARD = "gnu++20";
				CLANG_ENABLE_MODULES = YES;
				CLANG_ENABLE_OBJC_ARC = YES;
				CLANG_ENABLE_OBJC_WEAK = YES;
				CLANG_WARN_BLOCK_CAPTURE_AUTORELEASING = YES;
				CLANG_WARN_BOOL_CONVERSION = YES;
				CLANG_WARN_COMMA = YES;
				CLANG_WARN_CONSTANT_CONVERSION = YES;
				CLANG_WARN_DEPRECATED_OBJC_IMPLEMENTATIONS = YES;
				CLANG_WARN_DIRECT_OBJC_ISA_USAGE = YES_ERROR;
				CLANG_WARN_DOCUMENTATION_COMMENTS = YES;
				CLANG_WARN_EMPTY_BODY = YES;
				CLANG_WARN_ENUM_CONVERSION = YES;
				CLANG_WARN_INFINITE_RECURSION = YES;
				CLANG_WARN_INT_CONVERSION = YES;
				CLANG_WARN_NON_LITERAL_NULL_CONVERSION = YES;
				CLANG_WARN_OBJC_IMPLICIT_RETAIN_SELF = YES;
				CLANG_WARN_OBJC_LITERAL_CONVERSION = YES;
				CLANG_WARN_OBJC_ROOT_CLASS = YES_ERROR;
				CLANG_WARN_QUOTED_INCLUDE_IN_FRAMEWORK_HEADER = YES;
				CLANG_WARN_RANGE_LOOP_ANALYSIS = YES;
				CLANG_WARN_STRICT_PROTOTYPES = YES;
				CLANG_WARN_SUSPICIOUS_MOVE = YES;
				CLANG_WARN_UNGUARDED_AVAILABILITY = YES_AGGRESSIVE;
				CLANG_WARN_UNREACHABLE_CODE = YES;
				CLANG_WARN__DUPLICATE_METHOD_MATCH = YES;
				COPY_PHASE_STRIP = NO;
				DEBUG_INFORMATION_FORMAT = dwarf;
				ENABLE_STRICT_OBJC_MSGSEND = YES;
				ENABLE_TESTABILITY = YES;
				GCC_C_LANGUAGE_STANDARD = gnu11;
				GCC_DYNAMIC_NO_PIC = NO;
				GCC_NO_COMMON_BLOCKS = YES;
				GCC_OPTIMIZATION_LEVEL = 0;
				GCC_PREPROCESSOR_DEFINITIONS = (
					"DEBUG=1",
					"$(inherited)",
				);
				GCC_WARN_64_TO_32_BIT_CONVERSION = YES;
				GCC_WARN_ABOUT_RETURN_TYPE = YES_ERROR;
				GCC_WARN_UNDECLARED_SELECTOR = YES;
				GCC_WARN_UNINITIALIZED_AUTOS = YES_AGGRESSIVE;
				GCC_WARN_UNUSED_FUNCTION = YES;
				GCC_WARN_UNUSED_VARIABLE = YES;
				IPHONEOS_DEPLOYMENT_TARGET = 16.1;
				MTL_ENABLE_DEBUG_INFO = INCLUDE_SOURCE;
				MTL_FAST_MATH = YES;
				ONLY_ACTIVE_ARCH = YES;
				SDKROOT = iphoneos;
				SWIFT_ACTIVE_COMPILATION_CONDITIONS = DEBUG;
				SWIFT_OPTIMIZATION_LEVEL = "-Onone";
			};
			name = Debug;
		};
		8054FFF22A62B39300052853 /* Release */ = {
			isa = XCBuildConfiguration;
			buildSettings = {
				ALWAYS_SEARCH_USER_PATHS = NO;
				CLANG_ANALYZER_NONNULL = YES;
				CLANG_ANALYZER_NUMBER_OBJECT_CONVERSION = YES_AGGRESSIVE;
				CLANG_CXX_LANGUAGE_STANDARD = "gnu++20";
				CLANG_ENABLE_MODULES = YES;
				CLANG_ENABLE_OBJC_ARC = YES;
				CLANG_ENABLE_OBJC_WEAK = YES;
				CLANG_WARN_BLOCK_CAPTURE_AUTORELEASING = YES;
				CLANG_WARN_BOOL_CONVERSION = YES;
				CLANG_WARN_COMMA = YES;
				CLANG_WARN_CONSTANT_CONVERSION = YES;
				CLANG_WARN_DEPRECATED_OBJC_IMPLEMENTATIONS = YES;
				CLANG_WARN_DIRECT_OBJC_ISA_USAGE = YES_ERROR;
				CLANG_WARN_DOCUMENTATION_COMMENTS = YES;
				CLANG_WARN_EMPTY_BODY = YES;
				CLANG_WARN_ENUM_CONVERSION = YES;
				CLANG_WARN_INFINITE_RECURSION = YES;
				CLANG_WARN_INT_CONVERSION = YES;
				CLANG_WARN_NON_LITERAL_NULL_CONVERSION = YES;
				CLANG_WARN_OBJC_IMPLICIT_RETAIN_SELF = YES;
				CLANG_WARN_OBJC_LITERAL_CONVERSION = YES;
				CLANG_WARN_OBJC_ROOT_CLASS = YES_ERROR;
				CLANG_WARN_QUOTED_INCLUDE_IN_FRAMEWORK_HEADER = YES;
				CLANG_WARN_RANGE_LOOP_ANALYSIS = YES;
				CLANG_WARN_STRICT_PROTOTYPES = YES;
				CLANG_WARN_SUSPICIOUS_MOVE = YES;
				CLANG_WARN_UNGUARDED_AVAILABILITY = YES_AGGRESSIVE;
				CLANG_WARN_UNREACHABLE_CODE = YES;
				CLANG_WARN__DUPLICATE_METHOD_MATCH = YES;
				COPY_PHASE_STRIP = NO;
				DEBUG_INFORMATION_FORMAT = "dwarf-with-dsym";
				ENABLE_NS_ASSERTIONS = NO;
				ENABLE_STRICT_OBJC_MSGSEND = YES;
				GCC_C_LANGUAGE_STANDARD = gnu11;
				GCC_NO_COMMON_BLOCKS = YES;
				GCC_WARN_64_TO_32_BIT_CONVERSION = YES;
				GCC_WARN_ABOUT_RETURN_TYPE = YES_ERROR;
				GCC_WARN_UNDECLARED_SELECTOR = YES;
				GCC_WARN_UNINITIALIZED_AUTOS = YES_AGGRESSIVE;
				GCC_WARN_UNUSED_FUNCTION = YES;
				GCC_WARN_UNUSED_VARIABLE = YES;
				IPHONEOS_DEPLOYMENT_TARGET = 16.1;
				MTL_ENABLE_DEBUG_INFO = NO;
				MTL_FAST_MATH = YES;
				SDKROOT = iphoneos;
				SWIFT_COMPILATION_MODE = wholemodule;
				SWIFT_OPTIMIZATION_LEVEL = "-O";
				VALIDATE_PRODUCT = YES;
			};
			name = Release;
		};
		8054FFF42A62B39300052853 /* Debug */ = {
			isa = XCBuildConfiguration;
			buildSettings = {
				ASSETCATALOG_COMPILER_APPICON_NAME = AppIcon;
				ASSETCATALOG_COMPILER_GLOBAL_ACCENT_COLOR_NAME = AccentColor;
				CODE_SIGN_STYLE = Automatic;
				CURRENT_PROJECT_VERSION = 1;
				DEVELOPMENT_TEAM = 58276BW4M9;
				GENERATE_INFOPLIST_FILE = YES;
				INFOPLIST_FILE = HighChart/Info.plist;
				INFOPLIST_KEY_UIApplicationSupportsIndirectInputEvents = YES;
				INFOPLIST_KEY_UILaunchStoryboardName = LaunchScreen;
				INFOPLIST_KEY_UIMainStoryboardFile = Main;
				INFOPLIST_KEY_UISupportedInterfaceOrientations_iPad = "UIInterfaceOrientationPortrait UIInterfaceOrientationPortraitUpsideDown UIInterfaceOrientationLandscapeLeft UIInterfaceOrientationLandscapeRight";
				INFOPLIST_KEY_UISupportedInterfaceOrientations_iPhone = "UIInterfaceOrientationPortrait UIInterfaceOrientationLandscapeLeft UIInterfaceOrientationLandscapeRight";
				IPHONEOS_DEPLOYMENT_TARGET = 15.0;
				LD_RUNPATH_SEARCH_PATHS = (
					"$(inherited)",
					"@executable_path/Frameworks",
				);
				MARKETING_VERSION = 1.0;
				PRODUCT_BUNDLE_IDENTIFIER = Nouman.HighChart;
				PRODUCT_NAME = "$(TARGET_NAME)";
				SWIFT_EMIT_LOC_STRINGS = YES;
				SWIFT_VERSION = 5.0;
				TARGETED_DEVICE_FAMILY = "1,2";
			};
			name = Debug;
		};
		8054FFF52A62B39300052853 /* Release */ = {
			isa = XCBuildConfiguration;
			buildSettings = {
				ASSETCATALOG_COMPILER_APPICON_NAME = AppIcon;
				ASSETCATALOG_COMPILER_GLOBAL_ACCENT_COLOR_NAME = AccentColor;
				CODE_SIGN_STYLE = Automatic;
				CURRENT_PROJECT_VERSION = 1;
				DEVELOPMENT_TEAM = 58276BW4M9;
				GENERATE_INFOPLIST_FILE = YES;
				INFOPLIST_FILE = HighChart/Info.plist;
				INFOPLIST_KEY_UIApplicationSupportsIndirectInputEvents = YES;
				INFOPLIST_KEY_UILaunchStoryboardName = LaunchScreen;
				INFOPLIST_KEY_UIMainStoryboardFile = Main;
				INFOPLIST_KEY_UISupportedInterfaceOrientations_iPad = "UIInterfaceOrientationPortrait UIInterfaceOrientationPortraitUpsideDown UIInterfaceOrientationLandscapeLeft UIInterfaceOrientationLandscapeRight";
				INFOPLIST_KEY_UISupportedInterfaceOrientations_iPhone = "UIInterfaceOrientationPortrait UIInterfaceOrientationLandscapeLeft UIInterfaceOrientationLandscapeRight";
				IPHONEOS_DEPLOYMENT_TARGET = 15.0;
				LD_RUNPATH_SEARCH_PATHS = (
					"$(inherited)",
					"@executable_path/Frameworks",
				);
				MARKETING_VERSION = 1.0;
				PRODUCT_BUNDLE_IDENTIFIER = Nouman.HighChart;
				PRODUCT_NAME = "$(TARGET_NAME)";
				SWIFT_EMIT_LOC_STRINGS = YES;
				SWIFT_VERSION = 5.0;
				TARGETED_DEVICE_FAMILY = "1,2";
			};
			name = Release;
		};
/* End XCBuildConfiguration section */

/* Begin XCConfigurationList section */
		8054FFDA2A62B39100052853 /* Build configuration list for PBXProject "HighChart" */ = {
			isa = XCConfigurationList;
			buildConfigurations = (
				8054FFF12A62B39300052853 /* Debug */,
				8054FFF22A62B39300052853 /* Release */,
			);
			defaultConfigurationIsVisible = 0;
			defaultConfigurationName = Release;
		};
		8054FFF32A62B39300052853 /* Build configuration list for PBXNativeTarget "HighChart" */ = {
			isa = XCConfigurationList;
			buildConfigurations = (
				8054FFF42A62B39300052853 /* Debug */,
				8054FFF52A62B39300052853 /* Release */,
			);
			defaultConfigurationIsVisible = 0;
			defaultConfigurationName = Release;
		};
/* End XCConfigurationList section */

/* Begin XCRemoteSwiftPackageReference section */
		8054FFFA2A62BCEA00052853 /* XCRemoteSwiftPackageReference "highcharts-ios" */ = {
			isa = XCRemoteSwiftPackageReference;
			repositoryURL = "https://github.com/highcharts/highcharts-ios";
			requirement = {
				branch = master;
				kind = branch;
			};
		};
/* End XCRemoteSwiftPackageReference section */

/* Begin XCSwiftPackageProductDependency section */
		8054FFFB2A62BCEA00052853 /* Highcharts */ = {
			isa = XCSwiftPackageProductDependency;
			package = 8054FFFA2A62BCEA00052853 /* XCRemoteSwiftPackageReference "highcharts-ios" */;
			productName = Highcharts;
		};
/* End XCSwiftPackageProductDependency section */
	};
	rootObject = 8054FFD72A62B39100052853 /* Project object */;
}
